
Microsoft Visual Studio Solution File, Format Version 12.00
# Visual Studio Version 16
VisualStudioVersion = 16.0.30204.135
MinimumVisualStudioVersion = 10.0.40219.1
Project("{FAE04EC0-301F-11D3-BF4B-00C04F79EFBC}") = "Lab7_4 - Alex Chalmers", "Lab7_4 - Alex Chalmers\Lab7_4 - Alex Chalmers.csproj", "{CCF7EAF8-4BB3-4A8E-8ADA-01A54B0E2CDB}"
EndProject
Global
	GlobalSection(SolutionConfigurationPlatforms) = preSolution
		Debug|Any CPU = Debug|Any CPU
		Release|Any CPU = Release|Any CPU
	EndGlobalSection
	GlobalSection(ProjectConfigurationPlatforms) = postSolution
		{CCF7EAF8-4BB3-4A8E-8ADA-01A54B0E2CDB}.Debug|Any CPU.ActiveCfg = Debug|Any CPU
		{CCF7EAF8-4BB3-4A8E-8ADA-01A54B0E2CDB}.Debug|Any CPU.Build.0 = Debug|Any CPU
		{CCF7EAF8-4BB3-4A8E-8ADA-01A54B0E2CDB}.Release|Any CPU.ActiveCfg = Release|Any CPU
		{CCF7EAF8-4BB3-4A8E-8ADA-01A54B0E2CDB}.Release|Any CPU.Build.0 = Release|Any CPU
	EndGlobalSection
	GlobalSection(SolutionProperties) = preSolution
		HideSolutionNode = FALSE
	EndGlobalSection
	GlobalSection(ExtensibilityGlobals) = postSolution
		SolutionGuid = {9BA3B456-880D-4BB3-A9D0-B9925D3B9CFE}
	EndGlobalSection
EndGlobal
